// !$*UTF8*$!
{
	archiveVersion = 1;
	classes = {
	};
	objectVersion = 46;
	objects = {

/* Begin PBXBuildFile section */
		371684641FAFC0F100255F77 /* MeditationViewController.swift in Sources */ = {isa = PBXBuildFile; fileRef = 371684631FAFC0F100255F77 /* MeditationViewController.swift */; };
		372409161F758FE000B19312 /* TumblerViewController.swift in Sources */ = {isa = PBXBuildFile; fileRef = 372409151F758FE000B19312 /* TumblerViewController.swift */; };
		37386ED41F64BA6A00EE0DBA /* String.swift in Sources */ = {isa = PBXBuildFile; fileRef = 37386ED31F64BA6A00EE0DBA /* String.swift */; };
		37566C291F7D83D200647235 /* VideoPlayerViewController.swift in Sources */ = {isa = PBXBuildFile; fileRef = 37566C281F7D83D200647235 /* VideoPlayerViewController.swift */; };
		37566C2C1F7D8DC900647235 /* Assets.xcassets in Resources */ = {isa = PBXBuildFile; fileRef = 37566C2B1F7D8DC900647235 /* Assets.xcassets */; };
		37566C2D1F7D91BF00647235 /* starWarsDirectoryVideo.mov in Resources */ = {isa = PBXBuildFile; fileRef = 37566C2A1F7D84B900647235 /* starWarsDirectoryVideo.mov */; };
		37566C2E1F7D91C300647235 /* video.m4v in Resources */ = {isa = PBXBuildFile; fileRef = 37F0DA281F7D768E00E6A1FE /* video.m4v */; };
		377006AD1F6347550052C7DD /* Style.swift in Sources */ = {isa = PBXBuildFile; fileRef = 377006AC1F6347550052C7DD /* Style.swift */; };
		377006AF1F63479C0052C7DD /* UIColor.swift in Sources */ = {isa = PBXBuildFile; fileRef = 377006AE1F63479C0052C7DD /* UIColor.swift */; };
		377006B11F634BD20052C7DD /* LeftMenu.swift in Sources */ = {isa = PBXBuildFile; fileRef = 377006B01F634BD20052C7DD /* LeftMenu.swift */; };
		377006B31F634DD80052C7DD /* AppToolbarController.swift in Sources */ = {isa = PBXBuildFile; fileRef = 377006B21F634DD80052C7DD /* AppToolbarController.swift */; };
		377006B51F6355640052C7DD /* HomeVC.swift in Sources */ = {isa = PBXBuildFile; fileRef = 377006B41F6355640052C7DD /* HomeVC.swift */; };
		377006BF1F64965C0052C7DD /* SutraObject.swift in Sources */ = {isa = PBXBuildFile; fileRef = 377006BE1F64965C0052C7DD /* SutraObject.swift */; };
		377006C11F6496A00052C7DD /* AudioObject.swift in Sources */ = {isa = PBXBuildFile; fileRef = 377006C01F6496A00052C7DD /* AudioObject.swift */; };
		377006C51F6499650052C7DD /* DatabaseManager.swift in Sources */ = {isa = PBXBuildFile; fileRef = 377006C41F6499650052C7DD /* DatabaseManager.swift */; };
		DA16643F1EE9124D006A1D4C /* MoreInfo.swift in Sources */ = {isa = PBXBuildFile; fileRef = DA16643E1EE9124D006A1D4C /* MoreInfo.swift */; };
		DA1664411EE92E4D006A1D4C /* PickerVC.swift in Sources */ = {isa = PBXBuildFile; fileRef = DA1664401EE92E4D006A1D4C /* PickerVC.swift */; };
		DA2C04541EEBEC0400CDB5E6 /* Breath RM.mp3 in Resources */ = {isa = PBXBuildFile; fileRef = DA2C04531EEBEC0400CDB5E6 /* Breath RM.mp3 */; };
		DA3BCC021FACAC0E004A6139 /* BodyScanRM.mp3 in Resources */ = {isa = PBXBuildFile; fileRef = DA3BCC011FACAC0E004A6139 /* BodyScanRM.mp3 */; };
		DA3BCC041FACAC31004A6139 /* CandleMeditation Sml.m4v in Resources */ = {isa = PBXBuildFile; fileRef = DA3BCC031FACAC31004A6139 /* CandleMeditation Sml.m4v */; };
		DAC4E9B91F6C742C00461FD3 /* GoogleService-Info.plist in Resources */ = {isa = PBXBuildFile; fileRef = DAC4E9B81F6C742C00461FD3 /* GoogleService-Info.plist */; };
		DAE04E4F1EE87DC5006A345B /* AppDelegate.swift in Sources */ = {isa = PBXBuildFile; fileRef = DAE04E4E1EE87DC5006A345B /* AppDelegate.swift */; };
		DAE04E541EE87DC5006A345B /* Main.storyboard in Resources */ = {isa = PBXBuildFile; fileRef = DAE04E521EE87DC5006A345B /* Main.storyboard */; };
		DAE04E591EE87DC5006A345B /* LaunchScreen.storyboard in Resources */ = {isa = PBXBuildFile; fileRef = DAE04E571EE87DC5006A345B /* LaunchScreen.storyboard */; };
		DAE04E611EE885B8006A345B /* SutraTextVC.swift in Sources */ = {isa = PBXBuildFile; fileRef = DAE04E601EE885B8006A345B /* SutraTextVC.swift */; };
		FB4DC9F5DC18F2C56B2C7AD9 /* Pods_RenovatioS.framework in Frameworks */ = {isa = PBXBuildFile; fileRef = 372A52EB20D7693C1166B42E /* Pods_RenovatioS.framework */; };
/* End PBXBuildFile section */

/* Begin PBXFileReference section */
		371684631FAFC0F100255F77 /* MeditationViewController.swift */ = {isa = PBXFileReference; fileEncoding = 4; lastKnownFileType = sourcecode.swift; path = MeditationViewController.swift; sourceTree = "<group>"; };
		372409151F758FE000B19312 /* TumblerViewController.swift */ = {isa = PBXFileReference; lastKnownFileType = sourcecode.swift; path = TumblerViewController.swift; sourceTree = "<group>"; };
		372A52EB20D7693C1166B42E /* Pods_RenovatioS.framework */ = {isa = PBXFileReference; explicitFileType = wrapper.framework; includeInIndex = 0; path = Pods_RenovatioS.framework; sourceTree = BUILT_PRODUCTS_DIR; };
		37386ED31F64BA6A00EE0DBA /* String.swift */ = {isa = PBXFileReference; fileEncoding = 4; lastKnownFileType = sourcecode.swift; path = String.swift; sourceTree = "<group>"; };
		37566C281F7D83D200647235 /* VideoPlayerViewController.swift */ = {isa = PBXFileReference; lastKnownFileType = sourcecode.swift; path = VideoPlayerViewController.swift; sourceTree = "<group>"; };
		37566C2A1F7D84B900647235 /* starWarsDirectoryVideo.mov */ = {isa = PBXFileReference; lastKnownFileType = video.quicktime; path = starWarsDirectoryVideo.mov; sourceTree = "<group>"; };
		37566C2B1F7D8DC900647235 /* Assets.xcassets */ = {isa = PBXFileReference; lastKnownFileType = folder.assetcatalog; path = Assets.xcassets; sourceTree = "<group>"; };
		377006AC1F6347550052C7DD /* Style.swift */ = {isa = PBXFileReference; fileEncoding = 4; lastKnownFileType = sourcecode.swift; path = Style.swift; sourceTree = "<group>"; };
		377006AE1F63479C0052C7DD /* UIColor.swift */ = {isa = PBXFileReference; fileEncoding = 4; lastKnownFileType = sourcecode.swift; path = UIColor.swift; sourceTree = "<group>"; };
		377006B01F634BD20052C7DD /* LeftMenu.swift */ = {isa = PBXFileReference; fileEncoding = 4; lastKnownFileType = sourcecode.swift; path = LeftMenu.swift; sourceTree = "<group>"; };
		377006B21F634DD80052C7DD /* AppToolbarController.swift */ = {isa = PBXFileReference; fileEncoding = 4; lastKnownFileType = sourcecode.swift; path = AppToolbarController.swift; sourceTree = "<group>"; };
		377006B41F6355640052C7DD /* HomeVC.swift */ = {isa = PBXFileReference; fileEncoding = 4; lastKnownFileType = sourcecode.swift; path = HomeVC.swift; sourceTree = "<group>"; };
		377006BE1F64965C0052C7DD /* SutraObject.swift */ = {isa = PBXFileReference; fileEncoding = 4; lastKnownFileType = sourcecode.swift; path = SutraObject.swift; sourceTree = "<group>"; };
		377006C01F6496A00052C7DD /* AudioObject.swift */ = {isa = PBXFileReference; fileEncoding = 4; lastKnownFileType = sourcecode.swift; path = AudioObject.swift; sourceTree = "<group>"; };
		377006C41F6499650052C7DD /* DatabaseManager.swift */ = {isa = PBXFileReference; fileEncoding = 4; lastKnownFileType = sourcecode.swift; path = DatabaseManager.swift; sourceTree = "<group>"; };
		37F0DA281F7D768E00E6A1FE /* video.m4v */ = {isa = PBXFileReference; lastKnownFileType = file; name = video.m4v; path = RenovatioS/video.m4v; sourceTree = SOURCE_ROOT; };
		B150453A93B03B6D7F4DA474 /* Pods-RenovatioS.release.xcconfig */ = {isa = PBXFileReference; includeInIndex = 1; lastKnownFileType = text.xcconfig; name = "Pods-RenovatioS.release.xcconfig"; path = "Pods/Target Support Files/Pods-RenovatioS/Pods-RenovatioS.release.xcconfig"; sourceTree = "<group>"; };
		BF657158B7923B9B668B5199 /* Pods-RenovatioS.debug.xcconfig */ = {isa = PBXFileReference; includeInIndex = 1; lastKnownFileType = text.xcconfig; name = "Pods-RenovatioS.debug.xcconfig"; path = "Pods/Target Support Files/Pods-RenovatioS/Pods-RenovatioS.debug.xcconfig"; sourceTree = "<group>"; };
		DA16643E1EE9124D006A1D4C /* MoreInfo.swift */ = {isa = PBXFileReference; fileEncoding = 4; lastKnownFileType = sourcecode.swift; path = MoreInfo.swift; sourceTree = "<group>"; };
		DA1664401EE92E4D006A1D4C /* PickerVC.swift */ = {isa = PBXFileReference; fileEncoding = 4; lastKnownFileType = sourcecode.swift; path = PickerVC.swift; sourceTree = "<group>"; };
		DA2C04531EEBEC0400CDB5E6 /* Breath RM.mp3 */ = {isa = PBXFileReference; lastKnownFileType = audio.mp3; path = "Breath RM.mp3"; sourceTree = "<group>"; };
		DA3BCC011FACAC0E004A6139 /* BodyScanRM.mp3 */ = {isa = PBXFileReference; lastKnownFileType = audio.mp3; path = BodyScanRM.mp3; sourceTree = "<group>"; };
		DA3BCC031FACAC31004A6139 /* CandleMeditation Sml.m4v */ = {isa = PBXFileReference; lastKnownFileType = file; path = "CandleMeditation Sml.m4v"; sourceTree = "<group>"; };
		DAC4E9B81F6C742C00461FD3 /* GoogleService-Info.plist */ = {isa = PBXFileReference; fileEncoding = 4; lastKnownFileType = text.plist.xml; path = "GoogleService-Info.plist"; sourceTree = "<group>"; };
		DAE04E4B1EE87DC5006A345B /* RenovatioS.app */ = {isa = PBXFileReference; explicitFileType = wrapper.application; includeInIndex = 0; path = RenovatioS.app; sourceTree = BUILT_PRODUCTS_DIR; };
		DAE04E4E1EE87DC5006A345B /* AppDelegate.swift */ = {isa = PBXFileReference; lastKnownFileType = sourcecode.swift; path = AppDelegate.swift; sourceTree = "<group>"; };
		DAE04E531EE87DC5006A345B /* Base */ = {isa = PBXFileReference; lastKnownFileType = file.storyboard; name = Base; path = Base.lproj/Main.storyboard; sourceTree = "<group>"; };
		DAE04E581EE87DC5006A345B /* Base */ = {isa = PBXFileReference; lastKnownFileType = file.storyboard; name = Base; path = Base.lproj/LaunchScreen.storyboard; sourceTree = "<group>"; };
		DAE04E5A1EE87DC5006A345B /* Info.plist */ = {isa = PBXFileReference; lastKnownFileType = text.plist.xml; path = Info.plist; sourceTree = "<group>"; };
		DAE04E601EE885B8006A345B /* SutraTextVC.swift */ = {isa = PBXFileReference; fileEncoding = 4; lastKnownFileType = sourcecode.swift; path = SutraTextVC.swift; sourceTree = "<group>"; };
/* End PBXFileReference section */

/* Begin PBXFrameworksBuildPhase section */
		DAE04E481EE87DC5006A345B /* Frameworks */ = {
			isa = PBXFrameworksBuildPhase;
			buildActionMask = 2147483647;
			files = (
				FB4DC9F5DC18F2C56B2C7AD9 /* Pods_RenovatioS.framework in Frameworks */,
			);
			runOnlyForDeploymentPostprocessing = 0;
		};
/* End PBXFrameworksBuildPhase section */

/* Begin PBXGroup section */
		08F58755E30D31947C4AE215 /* Frameworks */ = {
			isa = PBXGroup;
			children = (
				372A52EB20D7693C1166B42E /* Pods_RenovatioS.framework */,
			);
			name = Frameworks;
			sourceTree = "<group>";
		};
		2EC9B317CF1DF84E6A93F940 /* Pods */ = {
			isa = PBXGroup;
			children = (
				BF657158B7923B9B668B5199 /* Pods-RenovatioS.debug.xcconfig */,
				B150453A93B03B6D7F4DA474 /* Pods-RenovatioS.release.xcconfig */,
			);
			name = Pods;
			sourceTree = "<group>";
		};
		377006AB1F6347430052C7DD /* Utilities */ = {
			isa = PBXGroup;
			children = (
				377006AC1F6347550052C7DD /* Style.swift */,
				377006AE1F63479C0052C7DD /* UIColor.swift */,
				37386ED31F64BA6A00EE0DBA /* String.swift */,
			);
			name = Utilities;
			sourceTree = "<group>";
		};
		DAE04E421EE87DC5006A345B = {
			isa = PBXGroup;
			children = (
				DAE04E4D1EE87DC5006A345B /* RenovatioS */,
				DAE04E4C1EE87DC5006A345B /* Products */,
				2EC9B317CF1DF84E6A93F940 /* Pods */,
				08F58755E30D31947C4AE215 /* Frameworks */,
			);
			sourceTree = "<group>";
		};
		DAE04E4C1EE87DC5006A345B /* Products */ = {
			isa = PBXGroup;
			children = (
				DAE04E4B1EE87DC5006A345B /* RenovatioS.app */,
			);
			name = Products;
			sourceTree = "<group>";
		};
		DAE04E4D1EE87DC5006A345B /* RenovatioS */ = {
			isa = PBXGroup;
			children = (
				DAE04E4E1EE87DC5006A345B /* AppDelegate.swift */,
				377006B41F6355640052C7DD /* HomeVC.swift */,
				DAE04E521EE87DC5006A345B /* Main.storyboard */,
				377006C41F6499650052C7DD /* DatabaseManager.swift */,
				377006BE1F64965C0052C7DD /* SutraObject.swift */,
				377006C01F6496A00052C7DD /* AudioObject.swift */,
				377006B21F634DD80052C7DD /* AppToolbarController.swift */,
				377006B01F634BD20052C7DD /* LeftMenu.swift */,
				DA1664401EE92E4D006A1D4C /* PickerVC.swift */,
				DA16643E1EE9124D006A1D4C /* MoreInfo.swift */,
				372409151F758FE000B19312 /* TumblerViewController.swift */,
				371684631FAFC0F100255F77 /* MeditationViewController.swift */,
				37566C281F7D83D200647235 /* VideoPlayerViewController.swift */,
				DAE04E601EE885B8006A345B /* SutraTextVC.swift */,
				37566C2A1F7D84B900647235 /* starWarsDirectoryVideo.mov */,
				37566C2B1F7D8DC900647235 /* Assets.xcassets */,
				37F0DA281F7D768E00E6A1FE /* video.m4v */,
				DA2C04531EEBEC0400CDB5E6 /* Breath RM.mp3 */,
				377006AB1F6347430052C7DD /* Utilities */,
				DA3BCC011FACAC0E004A6139 /* BodyScanRM.mp3 */,
				DA3BCC031FACAC31004A6139 /* CandleMeditation Sml.m4v */,
				DAE04E571EE87DC5006A345B /* LaunchScreen.storyboard */,
				DAE04E5A1EE87DC5006A345B /* Info.plist */,
				DAC4E9B81F6C742C00461FD3 /* GoogleService-Info.plist */,
			);
			path = RenovatioS;
			sourceTree = "<group>";
		};
/* End PBXGroup section */

/* Begin PBXNativeTarget section */
		DAE04E4A1EE87DC5006A345B /* RenovatioS */ = {
			isa = PBXNativeTarget;
			buildConfigurationList = DAE04E5D1EE87DC5006A345B /* Build configuration list for PBXNativeTarget "RenovatioS" */;
			buildPhases = (
				7BA456445C969362A09AA885 /* [CP] Check Pods Manifest.lock */,
				DAE04E471EE87DC5006A345B /* Sources */,
				DAE04E481EE87DC5006A345B /* Frameworks */,
				DAE04E491EE87DC5006A345B /* Resources */,
				FE25B2EF1A899802A9AE7E71 /* [CP] Embed Pods Frameworks */,
				05EB9A21DC38A21072794DCC /* [CP] Copy Pods Resources */,
			);
			buildRules = (
			);
			dependencies = (
			);
			name = RenovatioS;
			productName = RenovatioS;
			productReference = DAE04E4B1EE87DC5006A345B /* RenovatioS.app */;
			productType = "com.apple.product-type.application";
		};
/* End PBXNativeTarget section */

/* Begin PBXProject section */
		DAE04E431EE87DC5006A345B /* Project object */ = {
			isa = PBXProject;
			attributes = {
				LastSwiftUpdateCheck = 0830;
				LastUpgradeCheck = 0910;
				ORGANIZATIONNAME = TPOYP;
				TargetAttributes = {
					DAE04E4A1EE87DC5006A345B = {
						CreatedOnToolsVersion = 8.3.2;
						DevelopmentTeam = H9KX8WA9HF;
						LastSwiftMigration = 0910;
						ProvisioningStyle = Automatic;
					};
				};
			};
			buildConfigurationList = DAE04E461EE87DC5006A345B /* Build configuration list for PBXProject "RenovatioS" */;
			compatibilityVersion = "Xcode 3.2";
			developmentRegion = English;
			hasScannedForEncodings = 0;
			knownRegions = (
				en,
				Base,
			);
			mainGroup = DAE04E421EE87DC5006A345B;
			productRefGroup = DAE04E4C1EE87DC5006A345B /* Products */;
			projectDirPath = "";
			projectRoot = "";
			targets = (
				DAE04E4A1EE87DC5006A345B /* RenovatioS */,
			);
		};
/* End PBXProject section */

/* Begin PBXResourcesBuildPhase section */
		DAE04E491EE87DC5006A345B /* Resources */ = {
			isa = PBXResourcesBuildPhase;
			buildActionMask = 2147483647;
			files = (
				DA2C04541EEBEC0400CDB5E6 /* Breath RM.mp3 in Resources */,
				37566C2D1F7D91BF00647235 /* starWarsDirectoryVideo.mov in Resources */,
				DAE04E591EE87DC5006A345B /* LaunchScreen.storyboard in Resources */,
				DAE04E541EE87DC5006A345B /* Main.storyboard in Resources */,
				DAC4E9B91F6C742C00461FD3 /* GoogleService-Info.plist in Resources */,
				37566C2E1F7D91C300647235 /* video.m4v in Resources */,
				DA3BCC021FACAC0E004A6139 /* BodyScanRM.mp3 in Resources */,
				DA3BCC041FACAC31004A6139 /* CandleMeditation Sml.m4v in Resources */,
				37566C2C1F7D8DC900647235 /* Assets.xcassets in Resources */,
			);
			runOnlyForDeploymentPostprocessing = 0;
		};
/* End PBXResourcesBuildPhase section */

/* Begin PBXShellScriptBuildPhase section */
		05EB9A21DC38A21072794DCC /* [CP] Copy Pods Resources */ = {
			isa = PBXShellScriptBuildPhase;
			buildActionMask = 2147483647;
			files = (
			);
			inputPaths = (
			);
			name = "[CP] Copy Pods Resources";
			outputPaths = (
			);
			runOnlyForDeploymentPostprocessing = 0;
			shellPath = /bin/sh;
			shellScript = "\"${SRCROOT}/Pods/Target Support Files/Pods-RenovatioS/Pods-RenovatioS-resources.sh\"\n";
			showEnvVarsInLog = 0;
		};
		7BA456445C969362A09AA885 /* [CP] Check Pods Manifest.lock */ = {
			isa = PBXShellScriptBuildPhase;
			buildActionMask = 2147483647;
			files = (
			);
			inputPaths = (
			);
			name = "[CP] Check Pods Manifest.lock";
			outputPaths = (
			);
			runOnlyForDeploymentPostprocessing = 0;
			shellPath = /bin/sh;
			shellScript = "diff \"${PODS_PODFILE_DIR_PATH}/Podfile.lock\" \"${PODS_ROOT}/Manifest.lock\" > /dev/null\nif [ $? != 0 ] ; then\n    # print error to STDERR\n    echo \"error: The sandbox is not in sync with the Podfile.lock. Run 'pod install' or update your CocoaPods installation.\" >&2\n    exit 1\nfi\n";
			showEnvVarsInLog = 0;
		};
		FE25B2EF1A899802A9AE7E71 /* [CP] Embed Pods Frameworks */ = {
			isa = PBXShellScriptBuildPhase;
			buildActionMask = 2147483647;
			files = (
			);
			inputPaths = (
			);
			name = "[CP] Embed Pods Frameworks";
			outputPaths = (
			);
			runOnlyForDeploymentPostprocessing = 0;
			shellPath = /bin/sh;
			shellScript = "\"${SRCROOT}/Pods/Target Support Files/Pods-RenovatioS/Pods-RenovatioS-frameworks.sh\"\n";
			showEnvVarsInLog = 0;
		};
/* End PBXShellScriptBuildPhase section */

/* Begin PBXSourcesBuildPhase section */
		DAE04E471EE87DC5006A345B /* Sources */ = {
			isa = PBXSourcesBuildPhase;
			buildActionMask = 2147483647;
			files = (
				372409161F758FE000B19312 /* TumblerViewController.swift in Sources */,
				37566C291F7D83D200647235 /* VideoPlayerViewController.swift in Sources */,
				377006C11F6496A00052C7DD /* AudioObject.swift in Sources */,
				377006B31F634DD80052C7DD /* AppToolbarController.swift in Sources */,
				DA1664411EE92E4D006A1D4C /* PickerVC.swift in Sources */,
				377006C51F6499650052C7DD /* DatabaseManager.swift in Sources */,
				377006B51F6355640052C7DD /* HomeVC.swift in Sources */,
				377006BF1F64965C0052C7DD /* SutraObject.swift in Sources */,
				DAE04E4F1EE87DC5006A345B /* AppDelegate.swift in Sources */,
				377006B11F634BD20052C7DD /* LeftMenu.swift in Sources */,
				DAE04E611EE885B8006A345B /* SutraTextVC.swift in Sources */,
				377006AD1F6347550052C7DD /* Style.swift in Sources */,
				DA16643F1EE9124D006A1D4C /* MoreInfo.swift in Sources */,
				37386ED41F64BA6A00EE0DBA /* String.swift in Sources */,
				371684641FAFC0F100255F77 /* MeditationViewController.swift in Sources */,
				377006AF1F63479C0052C7DD /* UIColor.swift in Sources */,
			);
			runOnlyForDeploymentPostprocessing = 0;
		};
/* End PBXSourcesBuildPhase section */

/* Begin PBXVariantGroup section */
		DAE04E521EE87DC5006A345B /* Main.storyboard */ = {
			isa = PBXVariantGroup;
			children = (
				DAE04E531EE87DC5006A345B /* Base */,
			);
			name = Main.storyboard;
			sourceTree = "<group>";
		};
		DAE04E571EE87DC5006A345B /* LaunchScreen.storyboard */ = {
			isa = PBXVariantGroup;
			children = (
				DAE04E581EE87DC5006A345B /* Base */,
			);
			name = LaunchScreen.storyboard;
			sourceTree = "<group>";
		};
/* End PBXVariantGroup section */

/* Begin XCBuildConfiguration section */
		DAE04E5B1EE87DC5006A345B /* Debug */ = {
			isa = XCBuildConfiguration;
			buildSettings = {
				ALWAYS_SEARCH_USER_PATHS = NO;
				CLANG_ANALYZER_NONNULL = YES;
				CLANG_ANALYZER_NUMBER_OBJECT_CONVERSION = YES_AGGRESSIVE;
				CLANG_CXX_LANGUAGE_STANDARD = "gnu++0x";
				CLANG_CXX_LIBRARY = "libc++";
				CLANG_ENABLE_MODULES = YES;
				CLANG_ENABLE_OBJC_ARC = YES;
				CLANG_WARN_BLOCK_CAPTURE_AUTORELEASING = YES;
				CLANG_WARN_BOOL_CONVERSION = YES;
				CLANG_WARN_COMMA = YES;
				CLANG_WARN_CONSTANT_CONVERSION = YES;
				CLANG_WARN_DIRECT_OBJC_ISA_USAGE = YES_ERROR;
				CLANG_WARN_DOCUMENTATION_COMMENTS = YES;
				CLANG_WARN_EMPTY_BODY = YES;
				CLANG_WARN_ENUM_CONVERSION = YES;
				CLANG_WARN_INFINITE_RECURSION = YES;
				CLANG_WARN_INT_CONVERSION = YES;
				CLANG_WARN_NON_LITERAL_NULL_CONVERSION = YES;
				CLANG_WARN_OBJC_LITERAL_CONVERSION = YES;
				CLANG_WARN_OBJC_ROOT_CLASS = YES_ERROR;
				CLANG_WARN_RANGE_LOOP_ANALYSIS = YES;
				CLANG_WARN_STRICT_PROTOTYPES = YES;
				CLANG_WARN_SUSPICIOUS_MOVE = YES;
				CLANG_WARN_UNREACHABLE_CODE = YES;
				CLANG_WARN__ARC_BRIDGE_CAST_NONARC = YES;
				CLANG_WARN__DUPLICATE_METHOD_MATCH = YES;
				"CODE_SIGN_IDENTITY[sdk=iphoneos*]" = "iPhone Developer";
				COPY_PHASE_STRIP = NO;
				DEBUG_INFORMATION_FORMAT = dwarf;
				ENABLE_STRICT_OBJC_MSGSEND = YES;
				ENABLE_TESTABILITY = YES;
				GCC_C_LANGUAGE_STANDARD = gnu99;
				GCC_DYNAMIC_NO_PIC = NO;
				GCC_NO_COMMON_BLOCKS = YES;
				GCC_OPTIMIZATION_LEVEL = 0;
				GCC_PREPROCESSOR_DEFINITIONS = (
					"DEBUG=1",
					"$(inherited)",
				);
				GCC_WARN_64_TO_32_BIT_CONVERSION = YES;
				GCC_WARN_ABOUT_RETURN_TYPE = YES_ERROR;
				GCC_WARN_UNDECLARED_SELECTOR = YES;
				GCC_WARN_UNINITIALIZED_AUTOS = YES_AGGRESSIVE;
				GCC_WARN_UNUSED_FUNCTION = YES;
				GCC_WARN_UNUSED_VARIABLE = YES;
				IPHONEOS_DEPLOYMENT_TARGET = 10.3;
				MTL_ENABLE_DEBUG_INFO = YES;
				ONLY_ACTIVE_ARCH = YES;
				SDKROOT = iphoneos;
				SWIFT_ACTIVE_COMPILATION_CONDITIONS = DEBUG;
				SWIFT_INSTALL_OBJC_HEADER = YES;
				SWIFT_OPTIMIZATION_LEVEL = "-Onone";
			};
			name = Debug;
		};
		DAE04E5C1EE87DC5006A345B /* Release */ = {
			isa = XCBuildConfiguration;
			buildSettings = {
				ALWAYS_SEARCH_USER_PATHS = NO;
				CLANG_ANALYZER_NONNULL = YES;
				CLANG_ANALYZER_NUMBER_OBJECT_CONVERSION = YES_AGGRESSIVE;
				CLANG_CXX_LANGUAGE_STANDARD = "gnu++0x";
				CLANG_CXX_LIBRARY = "libc++";
				CLANG_ENABLE_MODULES = YES;
				CLANG_ENABLE_OBJC_ARC = YES;
				CLANG_WARN_BLOCK_CAPTURE_AUTORELEASING = YES;
				CLANG_WARN_BOOL_CONVERSION = YES;
				CLANG_WARN_COMMA = YES;
				CLANG_WARN_CONSTANT_CONVERSION = YES;
				CLANG_WARN_DIRECT_OBJC_ISA_USAGE = YES_ERROR;
				CLANG_WARN_DOCUMENTATION_COMMENTS = YES;
				CLANG_WARN_EMPTY_BODY = YES;
				CLANG_WARN_ENUM_CONVERSION = YES;
				CLANG_WARN_INFINITE_RECURSION = YES;
				CLANG_WARN_INT_CONVERSION = YES;
				CLANG_WARN_NON_LITERAL_NULL_CONVERSION = YES;
				CLANG_WARN_OBJC_LITERAL_CONVERSION = YES;
				CLANG_WARN_OBJC_ROOT_CLASS = YES_ERROR;
				CLANG_WARN_RANGE_LOOP_ANALYSIS = YES;
				CLANG_WARN_STRICT_PROTOTYPES = YES;
				CLANG_WARN_SUSPICIOUS_MOVE = YES;
				CLANG_WARN_UNREACHABLE_CODE = YES;
				CLANG_WARN__ARC_BRIDGE_CAST_NONARC = YES;
				CLANG_WARN__DUPLICATE_METHOD_MATCH = YES;
				"CODE_SIGN_IDENTITY[sdk=iphoneos*]" = "iPhone Developer";
				COPY_PHASE_STRIP = NO;
				DEBUG_INFORMATION_FORMAT = "dwarf-with-dsym";
				ENABLE_NS_ASSERTIONS = NO;
				ENABLE_STRICT_OBJC_MSGSEND = YES;
				GCC_C_LANGUAGE_STANDARD = gnu99;
				GCC_NO_COMMON_BLOCKS = YES;
				GCC_WARN_64_TO_32_BIT_CONVERSION = YES;
				GCC_WARN_ABOUT_RETURN_TYPE = YES_ERROR;
				GCC_WARN_UNDECLARED_SELECTOR = YES;
				GCC_WARN_UNINITIALIZED_AUTOS = YES_AGGRESSIVE;
				GCC_WARN_UNUSED_FUNCTION = YES;
				GCC_WARN_UNUSED_VARIABLE = YES;
				IPHONEOS_DEPLOYMENT_TARGET = 10.3;
				MTL_ENABLE_DEBUG_INFO = NO;
				SDKROOT = iphoneos;
				SWIFT_INSTALL_OBJC_HEADER = YES;
				SWIFT_OPTIMIZATION_LEVEL = "-Owholemodule";
				VALIDATE_PRODUCT = YES;
			};
			name = Release;
		};
		DAE04E5E1EE87DC5006A345B /* Debug */ = {
			isa = XCBuildConfiguration;
			baseConfigurationReference = BF657158B7923B9B668B5199 /* Pods-RenovatioS.debug.xcconfig */;
			buildSettings = {
				ASSETCATALOG_COMPILER_APPICON_NAME = AppIcon;
				CLANG_ENABLE_MODULES = YES;
				DEVELOPMENT_TEAM = H9KX8WA9HF;
				INFOPLIST_FILE = RenovatioS/Info.plist;
				LD_RUNPATH_SEARCH_PATHS = "$(inherited) @executable_path/Frameworks";
				PRODUCT_BUNDLE_IDENTIFIER = com.TPOYP.RenovatioS;
				PRODUCT_NAME = "$(TARGET_NAME)";
				SWIFT_OBJC_BRIDGING_HEADER = "";
				SWIFT_OPTIMIZATION_LEVEL = "-Onone";
				SWIFT_SWIFT3_OBJC_INFERENCE = On;
				SWIFT_VERSION = 4.0;
			};
			name = Debug;
		};
		DAE04E5F1EE87DC5006A345B /* Release */ = {
			isa = XCBuildConfiguration;
			baseConfigurationReference = B150453A93B03B6D7F4DA474 /* Pods-RenovatioS.release.xcconfig */;
			buildSettings = {
				ASSETCATALOG_COMPILER_APPICON_NAME = AppIcon;
				CLANG_ENABLE_MODULES = YES;
				DEVELOPMENT_TEAM = H9KX8WA9HF;
				INFOPLIST_FILE = RenovatioS/Info.plist;
				LD_RUNPATH_SEARCH_PATHS = "$(inherited) @executable_path/Frameworks";
				PRODUCT_BUNDLE_IDENTIFIER = com.TPOYP.RenovatioS;
				PRODUCT_NAME = "$(TARGET_NAME)";
				SWIFT_OBJC_BRIDGING_HEADER = "";
				SWIFT_SWIFT3_OBJC_INFERENCE = On;
				SWIFT_VERSION = 4.0;
			};
			name = Release;
		};
/* End XCBuildConfiguration section */

/* Begin XCConfigurationList section */
		DAE04E461EE87DC5006A345B /* Build configuration list for PBXProject "RenovatioS" */ = {
			isa = XCConfigurationList;
			buildConfigurations = (
				DAE04E5B1EE87DC5006A345B /* Debug */,
				DAE04E5C1EE87DC5006A345B /* Release */,
			);
			defaultConfigurationIsVisible = 0;
			defaultConfigurationName = Release;
		};
		DAE04E5D1EE87DC5006A345B /* Build configuration list for PBXNativeTarget "RenovatioS" */ = {
			isa = XCConfigurationList;
			buildConfigurations = (
				DAE04E5E1EE87DC5006A345B /* Debug */,
				DAE04E5F1EE87DC5006A345B /* Release */,
			);
			defaultConfigurationIsVisible = 0;
			defaultConfigurationName = Release;
		};
/* End XCConfigurationList section */
	};
	rootObject = DAE04E431EE87DC5006A345B /* Project object */;
}
